// !$*UTF8*$!
{
	archiveVersion = 1;
	classes = {
	};
	objectVersion = 77;
	objects = {

/* Begin PBXBuildFile section */
		911237F92E41210800A57BFC /* Factory in Frameworks */ = {isa = PBXBuildFile; productRef = 911237F82E41210800A57BFC /* Factory */; };
		911237FB2E41210800A57BFC /* FactoryKit in Frameworks */ = {isa = PBXBuildFile; productRef = 911237FA2E41210800A57BFC /* FactoryKit */; };
		911237FD2E41210800A57BFC /* FactoryTesting in Frameworks */ = {isa = PBXBuildFile; productRef = 911237FC2E41210800A57BFC /* FactoryTesting */; };
		9127F1242EBB9BFA007847C5 /* RitualistCore in Frameworks */ = {isa = PBXBuildFile; productRef = 9127F1232EBB9BFA007847C5 /* RitualistCore */; };
		9127F1262EBB9C53007847C5 /* RitualistCore in Frameworks */ = {isa = PBXBuildFile; productRef = 9127F1252EBB9C53007847C5 /* RitualistCore */; };
		9127F12B2EBB9F36007847C5 /* RitualistCore in Frameworks */ = {isa = PBXBuildFile; productRef = 9127F12A2EBB9F36007847C5 /* RitualistCore */; };
		9127F12D2EBB9F42007847C5 /* RitualistCore in Frameworks */ = {isa = PBXBuildFile; productRef = 9127F12C2EBB9F42007847C5 /* RitualistCore */; };
		916AAFB22EBD285A00E39161 /* RitualistCore in Frameworks */ = {isa = PBXBuildFile; productRef = 916AAFB12EBD285A00E39161 /* RitualistCore */; };
		918031A42E5F27D100B6FAF6 /* RitualistCore in Frameworks */ = {isa = PBXBuildFile; productRef = 918031A32E5F27D100B6FAF6 /* RitualistCore */; };
		9196AAED2E4E49C300D5F386 /* RitualistCore in Frameworks */ = {isa = PBXBuildFile; productRef = 9196AAEC2E4E49C300D5F386 /* RitualistCore */; };
		91997EE42EBD28FD00204A1E /* RitualistCore in Frameworks */ = {isa = PBXBuildFile; productRef = 91997EE32EBD28FD00204A1E /* RitualistCore */; };
		91A5C7CE2E5369190095C251 /* WidgetKit.framework in Frameworks */ = {isa = PBXBuildFile; fileRef = 91A5C7CD2E5369190095C251 /* WidgetKit.framework */; };
		91A5C7D02E5369190095C251 /* SwiftUI.framework in Frameworks */ = {isa = PBXBuildFile; fileRef = 91A5C7CF2E5369190095C251 /* SwiftUI.framework */; };
		91A5C7E12E5369230095C251 /* RitualistWidgetExtension.appex in Embed Foundation Extensions */ = {isa = PBXBuildFile; fileRef = 91A5C7CB2E5369190095C251 /* RitualistWidgetExtension.appex */; settings = {ATTRIBUTES = (RemoveHeadersOnCopy, ); }; };
		91A5C8052E53A25C0095C251 /* FactoryKit in Frameworks */ = {isa = PBXBuildFile; productRef = 91A5C8042E53A25C0095C251 /* FactoryKit */; };
		91A5C8072E53C5830095C251 /* Factory in Frameworks */ = {isa = PBXBuildFile; productRef = 91A5C8062E53C5830095C251 /* Factory */; };
		91B3C4512EDC7A90000D9027 /* RitualistCore in Frameworks */ = {isa = PBXBuildFile; productRef = 91B3C4502EDC7A90000D9027 /* RitualistCore */; };
		91C95DB62EBCF4050088AB2D /* RitualistCore in Frameworks */ = {isa = PBXBuildFile; productRef = 91C95DB52EBCF4050088AB2D /* RitualistCore */; };
		91C95DB82EBCF41A0088AB2D /* RitualistCore in Frameworks */ = {isa = PBXBuildFile; productRef = 91C95DB72EBCF41A0088AB2D /* RitualistCore */; };
		91C95DBE2EBD19CA0088AB2D /* RitualistCore in Frameworks */ = {isa = PBXBuildFile; productRef = 91C95DBD2EBD19CA0088AB2D /* RitualistCore */; };
		91C9ACD92E4A887C0077EF5C /* RitualistCore in Frameworks */ = {isa = PBXBuildFile; productRef = 91C9ACD82E4A887C0077EF5C /* RitualistCore */; };
/* End PBXBuildFile section */

/* Begin PBXContainerItemProxy section */
		91A5C7DF2E5369230095C251 /* PBXContainerItemProxy */ = {
			isa = PBXContainerItemProxy;
			containerPortal = 91B730E12E38E4BC0050A48A /* Project object */;
			proxyType = 1;
			remoteGlobalIDString = 91A5C7CA2E5369190095C251;
			remoteInfo = RitualistWidgetExtension;
		};
		91B730F92E38E4C10050A48A /* PBXContainerItemProxy */ = {
			isa = PBXContainerItemProxy;
			containerPortal = 91B730E12E38E4BC0050A48A /* Project object */;
			proxyType = 1;
			remoteGlobalIDString = 91B730E82E38E4BC0050A48A;
			remoteInfo = Ritualist;
		};
		91B731032E38E4C10050A48A /* PBXContainerItemProxy */ = {
			isa = PBXContainerItemProxy;
			containerPortal = 91B730E12E38E4BC0050A48A /* Project object */;
			proxyType = 1;
			remoteGlobalIDString = 91B730E82E38E4BC0050A48A;
			remoteInfo = Ritualist;
		};
/* End PBXContainerItemProxy section */

/* Begin PBXCopyFilesBuildPhase section */
		91A5C7EA2E5369230095C251 /* Embed Foundation Extensions */ = {
			isa = PBXCopyFilesBuildPhase;
			buildActionMask = 2147483647;
			dstPath = "";
			dstSubfolderSpec = 13;
			files = (
				91A5C7E12E5369230095C251 /* RitualistWidgetExtension.appex in Embed Foundation Extensions */,
			);
			name = "Embed Foundation Extensions";
			runOnlyForDeploymentPostprocessing = 0;
		};
/* End PBXCopyFilesBuildPhase section */

/* Begin PBXFileReference section */
		91A5C7CB2E5369190095C251 /* RitualistWidgetExtension.appex */ = {isa = PBXFileReference; explicitFileType = "wrapper.app-extension"; includeInIndex = 0; path = RitualistWidgetExtension.appex; sourceTree = BUILT_PRODUCTS_DIR; };
		91A5C7CD2E5369190095C251 /* WidgetKit.framework */ = {isa = PBXFileReference; lastKnownFileType = wrapper.framework; name = WidgetKit.framework; path = System/Library/Frameworks/WidgetKit.framework; sourceTree = SDKROOT; };
		91A5C7CF2E5369190095C251 /* SwiftUI.framework */ = {isa = PBXFileReference; lastKnownFileType = wrapper.framework; name = SwiftUI.framework; path = System/Library/Frameworks/SwiftUI.framework; sourceTree = SDKROOT; };
		91A5C7EB2E53699B0095C251 /* RitualistWidgetExtension.entitlements */ = {isa = PBXFileReference; lastKnownFileType = text.plist.entitlements; path = RitualistWidgetExtension.entitlements; sourceTree = "<group>"; };
		91B730E92E38E4BC0050A48A /* Ritualist.app */ = {isa = PBXFileReference; explicitFileType = wrapper.application; includeInIndex = 0; path = Ritualist.app; sourceTree = BUILT_PRODUCTS_DIR; };
		91B730F82E38E4C10050A48A /* RitualistTests.xctest */ = {isa = PBXFileReference; explicitFileType = wrapper.cfbundle; includeInIndex = 0; path = RitualistTests.xctest; sourceTree = BUILT_PRODUCTS_DIR; };
		91B731022E38E4C10050A48A /* RitualistUITests.xctest */ = {isa = PBXFileReference; explicitFileType = wrapper.cfbundle; includeInIndex = 0; path = RitualistUITests.xctest; sourceTree = BUILT_PRODUCTS_DIR; };
/* End PBXFileReference section */

/* Begin PBXFileSystemSynchronizedBuildFileExceptionSet section */
		9164027C2EB8E284001FCF64 /* Exceptions for "Ritualist" folder in "Ritualist" target */ = {
			isa = PBXFileSystemSynchronizedBuildFileExceptionSet;
			membershipExceptions = (
				Info.plist,
			);
			target = 91B730E82E38E4BC0050A48A /* Ritualist */;
		};
		91A5C7E92E5369230095C251 /* Exceptions for "RitualistWidget" folder in "RitualistWidgetExtension" target */ = {
			isa = PBXFileSystemSynchronizedBuildFileExceptionSet;
			membershipExceptions = (
				Info.plist,
			);
			target = 91A5C7CA2E5369190095C251 /* RitualistWidgetExtension */;
		};
/* End PBXFileSystemSynchronizedBuildFileExceptionSet section */

/* Begin PBXFileSystemSynchronizedRootGroup section */
		912E9EAC2ED862CD00836A3A /* RitualistUITests */ = {
			isa = PBXFileSystemSynchronizedRootGroup;
			path = RitualistUITests;
			sourceTree = "<group>";
		};
		91997EF02EBF1EBE00204A1E /* Simulator Locations */ = {
			isa = PBXFileSystemSynchronizedRootGroup;
			path = "Simulator Locations";
			sourceTree = "<group>";
		};
		91997F042EBF20AE00204A1E /* RitualistTests */ = {
			isa = PBXFileSystemSynchronizedRootGroup;
			path = RitualistTests;
			sourceTree = "<group>";
		};
		91A5C7D12E5369190095C251 /* RitualistWidget */ = {
			isa = PBXFileSystemSynchronizedRootGroup;
			exceptions = (
				91A5C7E92E5369230095C251 /* Exceptions for "RitualistWidget" folder in "RitualistWidgetExtension" target */,
			);
			path = RitualistWidget;
			sourceTree = "<group>";
		};
		91B730EB2E38E4BC0050A48A /* Ritualist */ = {
			isa = PBXFileSystemSynchronizedRootGroup;
			exceptions = (
				9164027C2EB8E284001FCF64 /* Exceptions for "Ritualist" folder in "Ritualist" target */,
			);
			path = Ritualist;
			sourceTree = "<group>";
		};
/* End PBXFileSystemSynchronizedRootGroup section */

/* Begin PBXFrameworksBuildPhase section */
		91A5C7C82E5369190095C251 /* Frameworks */ = {
			isa = PBXFrameworksBuildPhase;
			buildActionMask = 2147483647;
			files = (
				91A5C8072E53C5830095C251 /* Factory in Frameworks */,
				9127F1262EBB9C53007847C5 /* RitualistCore in Frameworks */,
				91A5C7D02E5369190095C251 /* SwiftUI.framework in Frameworks */,
				9127F12D2EBB9F42007847C5 /* RitualistCore in Frameworks */,
				91A5C8052E53A25C0095C251 /* FactoryKit in Frameworks */,
				91C95DB82EBCF41A0088AB2D /* RitualistCore in Frameworks */,
				91A5C7CE2E5369190095C251 /* WidgetKit.framework in Frameworks */,
			);
			runOnlyForDeploymentPostprocessing = 0;
		};
		91B730E62E38E4BC0050A48A /* Frameworks */ = {
			isa = PBXFrameworksBuildPhase;
			buildActionMask = 2147483647;
			files = (
				91C9ACD92E4A887C0077EF5C /* RitualistCore in Frameworks */,
				916AAFB22EBD285A00E39161 /* RitualistCore in Frameworks */,
				918031A42E5F27D100B6FAF6 /* RitualistCore in Frameworks */,
				91997EE42EBD28FD00204A1E /* RitualistCore in Frameworks */,
				911237FB2E41210800A57BFC /* FactoryKit in Frameworks */,
				91C95DBE2EBD19CA0088AB2D /* RitualistCore in Frameworks */,
				9127F1242EBB9BFA007847C5 /* RitualistCore in Frameworks */,
				911237F92E41210800A57BFC /* Factory in Frameworks */,
				9127F12B2EBB9F36007847C5 /* RitualistCore in Frameworks */,
				9196AAED2E4E49C300D5F386 /* RitualistCore in Frameworks */,
				91C95DB62EBCF4050088AB2D /* RitualistCore in Frameworks */,
			);
			runOnlyForDeploymentPostprocessing = 0;
		};
		91B730F52E38E4C10050A48A /* Frameworks */ = {
			isa = PBXFrameworksBuildPhase;
			buildActionMask = 2147483647;
			files = (
				911237FD2E41210800A57BFC /* FactoryTesting in Frameworks */,
			);
			runOnlyForDeploymentPostprocessing = 0;
		};
		91B730FF2E38E4C10050A48A /* Frameworks */ = {
			isa = PBXFrameworksBuildPhase;
			buildActionMask = 2147483647;
			files = (
				91B3C4512EDC7A90000D9027 /* RitualistCore in Frameworks */,
			);
			runOnlyForDeploymentPostprocessing = 0;
		};
/* End PBXFrameworksBuildPhase section */

/* Begin PBXGroup section */
		91A5C7CC2E5369190095C251 /* Frameworks */ = {
			isa = PBXGroup;
			children = (
				91A5C7CD2E5369190095C251 /* WidgetKit.framework */,
				91A5C7CF2E5369190095C251 /* SwiftUI.framework */,
			);
			name = Frameworks;
			sourceTree = "<group>";
		};
		91B730E02E38E4BC0050A48A = {
			isa = PBXGroup;
			children = (
				91997EF02EBF1EBE00204A1E /* Simulator Locations */,
				91A5C7EB2E53699B0095C251 /* RitualistWidgetExtension.entitlements */,
				91B730EB2E38E4BC0050A48A /* Ritualist */,
				91997F042EBF20AE00204A1E /* RitualistTests */,
				912E9EAC2ED862CD00836A3A /* RitualistUITests */,
				91A5C7D12E5369190095C251 /* RitualistWidget */,
				91A5C7CC2E5369190095C251 /* Frameworks */,
				91B730EA2E38E4BC0050A48A /* Products */,
			);
			sourceTree = "<group>";
		};
		91B730EA2E38E4BC0050A48A /* Products */ = {
			isa = PBXGroup;
			children = (
				91B730E92E38E4BC0050A48A /* Ritualist.app */,
				91B730F82E38E4C10050A48A /* RitualistTests.xctest */,
				91B731022E38E4C10050A48A /* RitualistUITests.xctest */,
				91A5C7CB2E5369190095C251 /* RitualistWidgetExtension.appex */,
			);
			name = Products;
			sourceTree = "<group>";
		};
/* End PBXGroup section */

/* Begin PBXNativeTarget section */
		91A5C7CA2E5369190095C251 /* RitualistWidgetExtension */ = {
			isa = PBXNativeTarget;
			buildConfigurationList = 91A5C7E22E5369230095C251 /* Build configuration list for PBXNativeTarget "RitualistWidgetExtension" */;
			buildPhases = (
				91A5C7C72E5369190095C251 /* Sources */,
				91A5C7C82E5369190095C251 /* Frameworks */,
				91A5C7C92E5369190095C251 /* Resources */,
			);
			buildRules = (
			);
			dependencies = (
			);
			fileSystemSynchronizedGroups = (
				91A5C7D12E5369190095C251 /* RitualistWidget */,
			);
			name = RitualistWidgetExtension;
			packageProductDependencies = (
				91A5C8042E53A25C0095C251 /* FactoryKit */,
				91A5C8062E53C5830095C251 /* Factory */,
				9127F1252EBB9C53007847C5 /* RitualistCore */,
				9127F12C2EBB9F42007847C5 /* RitualistCore */,
				91C95DB72EBCF41A0088AB2D /* RitualistCore */,
			);
			productName = RitualistWidgetExtension;
			productReference = 91A5C7CB2E5369190095C251 /* RitualistWidgetExtension.appex */;
			productType = "com.apple.product-type.app-extension";
		};
		91B730E82E38E4BC0050A48A /* Ritualist */ = {
			isa = PBXNativeTarget;
			buildConfigurationList = 91B7310C2E38E4C10050A48A /* Build configuration list for PBXNativeTarget "Ritualist" */;
			buildPhases = (
				91B730E52E38E4BC0050A48A /* Sources */,
				91B730E62E38E4BC0050A48A /* Frameworks */,
				91B730E72E38E4BC0050A48A /* Resources */,
				91B7316B2E38F55B0050A48A /* ShellScript */,
				919986642EC0656C00204A1E /* Auto Build Number */,
				91A5C7EA2E5369230095C251 /* Embed Foundation Extensions */,
			);
			buildRules = (
			);
			dependencies = (
				91A5C7E02E5369230095C251 /* PBXTargetDependency */,
			);
			fileSystemSynchronizedGroups = (
				91B730EB2E38E4BC0050A48A /* Ritualist */,
			);
			name = Ritualist;
			packageProductDependencies = (
				911237F82E41210800A57BFC /* Factory */,
				911237FA2E41210800A57BFC /* FactoryKit */,
				91C9ACD82E4A887C0077EF5C /* RitualistCore */,
				9196AAEC2E4E49C300D5F386 /* RitualistCore */,
				918031A32E5F27D100B6FAF6 /* RitualistCore */,
				9127F1232EBB9BFA007847C5 /* RitualistCore */,
				9127F12A2EBB9F36007847C5 /* RitualistCore */,
				91C95DB52EBCF4050088AB2D /* RitualistCore */,
				91C95DBD2EBD19CA0088AB2D /* RitualistCore */,
				916AAFB12EBD285A00E39161 /* RitualistCore */,
				91997EE32EBD28FD00204A1E /* RitualistCore */,
			);
			productName = Ritualist;
			productReference = 91B730E92E38E4BC0050A48A /* Ritualist.app */;
			productType = "com.apple.product-type.application";
		};
		91B730F72E38E4C10050A48A /* RitualistTests */ = {
			isa = PBXNativeTarget;
			buildConfigurationList = 91B7310F2E38E4C10050A48A /* Build configuration list for PBXNativeTarget "RitualistTests" */;
			buildPhases = (
				91B730F42E38E4C10050A48A /* Sources */,
				91B730F52E38E4C10050A48A /* Frameworks */,
				91B730F62E38E4C10050A48A /* Resources */,
			);
			buildRules = (
			);
			dependencies = (
				91B730FA2E38E4C10050A48A /* PBXTargetDependency */,
			);
			fileSystemSynchronizedGroups = (
				91997F042EBF20AE00204A1E /* RitualistTests */,
			);
			name = RitualistTests;
			packageProductDependencies = (
				911237FC2E41210800A57BFC /* FactoryTesting */,
			);
			productName = RitualistTests;
			productReference = 91B730F82E38E4C10050A48A /* RitualistTests.xctest */;
			productType = "com.apple.product-type.bundle.unit-test";
		};
		91B731012E38E4C10050A48A /* RitualistUITests */ = {
			isa = PBXNativeTarget;
			buildConfigurationList = 91B731122E38E4C10050A48A /* Build configuration list for PBXNativeTarget "RitualistUITests" */;
			buildPhases = (
				91B730FE2E38E4C10050A48A /* Sources */,
				91B730FF2E38E4C10050A48A /* Frameworks */,
				91B731002E38E4C10050A48A /* Resources */,
			);
			buildRules = (
			);
			dependencies = (
				91B731042E38E4C10050A48A /* PBXTargetDependency */,
			);
			fileSystemSynchronizedGroups = (
				912E9EAC2ED862CD00836A3A /* RitualistUITests */,
			);
			name = RitualistUITests;
			packageProductDependencies = (
				91B3C4502EDC7A90000D9027 /* RitualistCore */,
			);
			productName = RitualistUITests;
			productReference = 91B731022E38E4C10050A48A /* RitualistUITests.xctest */;
			productType = "com.apple.product-type.bundle.ui-testing";
		};
/* End PBXNativeTarget section */

/* Begin PBXProject section */
		91B730E12E38E4BC0050A48A /* Project object */ = {
			isa = PBXProject;
			attributes = {
				BuildIndependentTargetsInParallel = 1;
				LastSwiftUpdateCheck = 2600;
				LastUpgradeCheck = 1640;
				TargetAttributes = {
					91A5C7CA2E5369190095C251 = {
						CreatedOnToolsVersion = 26.0;
					};
					91B730E82E38E4BC0050A48A = {
						CreatedOnToolsVersion = 16.4;
					};
					91B730F72E38E4C10050A48A = {
						CreatedOnToolsVersion = 16.4;
						LastSwiftMigration = 2610;
						TestTargetID = 91B730E82E38E4BC0050A48A;
					};
					91B731012E38E4C10050A48A = {
						CreatedOnToolsVersion = 16.4;
						TestTargetID = 91B730E82E38E4BC0050A48A;
					};
				};
			};
			buildConfigurationList = 91B730E42E38E4BC0050A48A /* Build configuration list for PBXProject "Ritualist" */;
			developmentRegion = en;
			hasScannedForEncodings = 0;
			knownRegions = (
				en,
				Base,
			);
			mainGroup = 91B730E02E38E4BC0050A48A;
			minimizedProjectReferenceProxies = 1;
			packageReferences = (
				911237F72E41210800A57BFC /* XCRemoteSwiftPackageReference "Factory" */,
				9127F1292EBB9F36007847C5 /* XCLocalSwiftPackageReference "RitualistCore" */,
			);
			preferredProjectObjectVersion = 77;
			productRefGroup = 91B730EA2E38E4BC0050A48A /* Products */;
			projectDirPath = "";
			projectRoot = "";
			targets = (
				91B730E82E38E4BC0050A48A /* Ritualist */,
				91B730F72E38E4C10050A48A /* RitualistTests */,
				91B731012E38E4C10050A48A /* RitualistUITests */,
				91A5C7CA2E5369190095C251 /* RitualistWidgetExtension */,
			);
		};
/* End PBXProject section */

/* Begin PBXResourcesBuildPhase section */
		91A5C7C92E5369190095C251 /* Resources */ = {
			isa = PBXResourcesBuildPhase;
			buildActionMask = 2147483647;
			files = (
			);
			runOnlyForDeploymentPostprocessing = 0;
		};
		91B730E72E38E4BC0050A48A /* Resources */ = {
			isa = PBXResourcesBuildPhase;
			buildActionMask = 2147483647;
			files = (
			);
			runOnlyForDeploymentPostprocessing = 0;
		};
		91B730F62E38E4C10050A48A /* Resources */ = {
			isa = PBXResourcesBuildPhase;
			buildActionMask = 2147483647;
			files = (
			);
			runOnlyForDeploymentPostprocessing = 0;
		};
		91B731002E38E4C10050A48A /* Resources */ = {
			isa = PBXResourcesBuildPhase;
			buildActionMask = 2147483647;
			files = (
			);
			runOnlyForDeploymentPostprocessing = 0;
		};
/* End PBXResourcesBuildPhase section */

/* Begin PBXShellScriptBuildPhase section */
		919986642EC0656C00204A1E /* Auto Build Number */ = {
			isa = PBXShellScriptBuildPhase;
			buildActionMask = 2147483647;
			files = (
			);
			inputFileListPaths = (
			);
			inputPaths = (
			);
			name = "Auto Build Number";
			outputFileListPaths = (
			);
			outputPaths = (
			);
			runOnlyForDeploymentPostprocessing = 0;
			shellPath = /bin/sh;
			shellScript = "${SOURCE_ROOT}/Scripts/set-build-number.sh\n";
		};
		91B7316B2E38F55B0050A48A /* ShellScript */ = {
			isa = PBXShellScriptBuildPhase;
			alwaysOutOfDate = 1;
			buildActionMask = 2147483647;
			files = (
			);
			inputFileListPaths = (
			);
			inputPaths = (
			);
			outputFileListPaths = (
			);
			outputPaths = (
			);
			runOnlyForDeploymentPostprocessing = 0;
			shellPath = /bin/sh;
			shellScript = "# SwiftLint (scan all files, print to Xcode build log)\n\nset -euo pipefail\nexport PATH=\"/opt/homebrew/bin:/usr/local/bin:$PATH/\"\n\n# Run from the project root so SwiftLint finds .swiftlint.yml automatically\ncd \"$SRCROOT/Ritualist\"\n\necho \"SwiftLint: running in $PWD\"\nif command -v swiftlint >/dev/null 2>&1; then\n  # Use your config if present; otherwise lint with defaults\n  if [ -f \".swiftlint.yml\" ]; then\n    swiftlint lint --config .swiftlint.yml --reporter xcode\n  else\n    swiftlint lint --reporter xcode\n  fi\nelse\n  echo \"warning: SwiftLint not installed (brew install swiftlint)\"\nfi\n";
		};
/* End PBXShellScriptBuildPhase section */

/* Begin PBXSourcesBuildPhase section */
		91A5C7C72E5369190095C251 /* Sources */ = {
			isa = PBXSourcesBuildPhase;
			buildActionMask = 2147483647;
			files = (
			);
			runOnlyForDeploymentPostprocessing = 0;
		};
		91B730E52E38E4BC0050A48A /* Sources */ = {
			isa = PBXSourcesBuildPhase;
			buildActionMask = 2147483647;
			files = (
			);
			runOnlyForDeploymentPostprocessing = 0;
		};
		91B730F42E38E4C10050A48A /* Sources */ = {
			isa = PBXSourcesBuildPhase;
			buildActionMask = 2147483647;
			files = (
			);
			runOnlyForDeploymentPostprocessing = 0;
		};
		91B730FE2E38E4C10050A48A /* Sources */ = {
			isa = PBXSourcesBuildPhase;
			buildActionMask = 2147483647;
			files = (
			);
			runOnlyForDeploymentPostprocessing = 0;
		};
/* End PBXSourcesBuildPhase section */

/* Begin PBXTargetDependency section */
		91A5C7E02E5369230095C251 /* PBXTargetDependency */ = {
			isa = PBXTargetDependency;
			target = 91A5C7CA2E5369190095C251 /* RitualistWidgetExtension */;
			targetProxy = 91A5C7DF2E5369230095C251 /* PBXContainerItemProxy */;
		};
		91B730FA2E38E4C10050A48A /* PBXTargetDependency */ = {
			isa = PBXTargetDependency;
			target = 91B730E82E38E4BC0050A48A /* Ritualist */;
			targetProxy = 91B730F92E38E4C10050A48A /* PBXContainerItemProxy */;
		};
		91B731042E38E4C10050A48A /* PBXTargetDependency */ = {
			isa = PBXTargetDependency;
			target = 91B730E82E38E4BC0050A48A /* Ritualist */;
			targetProxy = 91B731032E38E4C10050A48A /* PBXContainerItemProxy */;
		};
/* End PBXTargetDependency section */

/* Begin XCBuildConfiguration section */
		91935A772E3F52CE0058471E /* Debug-AllFeatures */ = {
			isa = XCBuildConfiguration;
			buildSettings = {
				ALWAYS_SEARCH_USER_PATHS = NO;
				ASSETCATALOG_COMPILER_GENERATE_SWIFT_ASSET_SYMBOL_EXTENSIONS = YES;
				CLANG_ANALYZER_NONNULL = YES;
				CLANG_ANALYZER_NUMBER_OBJECT_CONVERSION = YES_AGGRESSIVE;
				CLANG_CXX_LANGUAGE_STANDARD = "gnu++20";
				CLANG_ENABLE_MODULES = YES;
				CLANG_ENABLE_OBJC_ARC = YES;
				CLANG_ENABLE_OBJC_WEAK = YES;
				CLANG_WARN_BLOCK_CAPTURE_AUTORELEASING = YES;
				CLANG_WARN_BOOL_CONVERSION = YES;
				CLANG_WARN_COMMA = YES;
				CLANG_WARN_CONSTANT_CONVERSION = YES;
				CLANG_WARN_DEPRECATED_OBJC_IMPLEMENTATIONS = YES;
				CLANG_WARN_DIRECT_OBJC_ISA_USAGE = YES_ERROR;
				CLANG_WARN_DOCUMENTATION_COMMENTS = YES;
				CLANG_WARN_EMPTY_BODY = YES;
				CLANG_WARN_ENUM_CONVERSION = YES;
				CLANG_WARN_INFINITE_RECURSION = YES;
				CLANG_WARN_INT_CONVERSION = YES;
				CLANG_WARN_NON_LITERAL_NULL_CONVERSION = YES;
				CLANG_WARN_OBJC_IMPLICIT_RETAIN_SELF = YES;
				CLANG_WARN_OBJC_LITERAL_CONVERSION = YES;
				CLANG_WARN_OBJC_ROOT_CLASS = YES_ERROR;
				CLANG_WARN_QUOTED_INCLUDE_IN_FRAMEWORK_HEADER = YES;
				CLANG_WARN_RANGE_LOOP_ANALYSIS = YES;
				CLANG_WARN_STRICT_PROTOTYPES = YES;
				CLANG_WARN_SUSPICIOUS_MOVE = YES;
				CLANG_WARN_UNGUARDED_AVAILABILITY = YES_AGGRESSIVE;
				CLANG_WARN_UNREACHABLE_CODE = YES;
				CLANG_WARN__DUPLICATE_METHOD_MATCH = YES;
				COPY_PHASE_STRIP = NO;
				DEBUG_INFORMATION_FORMAT = dwarf;
				DEVELOPMENT_TEAM = PK53CW8644;
				ENABLE_STRICT_OBJC_MSGSEND = YES;
				ENABLE_TESTABILITY = YES;
				ENABLE_USER_SCRIPT_SANDBOXING = YES;
				GCC_C_LANGUAGE_STANDARD = gnu17;
				GCC_DYNAMIC_NO_PIC = NO;
				GCC_NO_COMMON_BLOCKS = YES;
				GCC_OPTIMIZATION_LEVEL = 0;
				GCC_PREPROCESSOR_DEFINITIONS = (
					"DEBUG=1",
					"$(inherited)",
				);
				GCC_WARN_64_TO_32_BIT_CONVERSION = YES;
				GCC_WARN_ABOUT_RETURN_TYPE = YES_ERROR;
				GCC_WARN_UNDECLARED_SELECTOR = YES;
				GCC_WARN_UNINITIALIZED_AUTOS = YES_AGGRESSIVE;
				GCC_WARN_UNUSED_FUNCTION = YES;
				GCC_WARN_UNUSED_VARIABLE = YES;
				IPHONEOS_DEPLOYMENT_TARGET = 17.6;
				LOCALIZATION_PREFERS_STRING_CATALOGS = YES;
				MTL_ENABLE_DEBUG_INFO = INCLUDE_SOURCE;
				MTL_FAST_MATH = YES;
				ONLY_ACTIVE_ARCH = YES;
				SDKROOT = iphoneos;
				SWIFT_ACTIVE_COMPILATION_CONDITIONS = "DEBUG $(inherited)";
				SWIFT_OPTIMIZATION_LEVEL = "-Onone";
			};
			name = "Debug-AllFeatures";
		};
		91935A782E3F52CE0058471E /* Debug-AllFeatures */ = {
			isa = XCBuildConfiguration;
			buildSettings = {
				ASSETCATALOG_COMPILER_APPICON_NAME = AppIcon;
				ASSETCATALOG_COMPILER_GLOBAL_ACCENT_COLOR_NAME = AccentColor;
				CODE_SIGN_ENTITLEMENTS = Ritualist/Ritualist.entitlements;
				CODE_SIGN_STYLE = Automatic;
				CURRENT_PROJECT_VERSION = 219;
				DEVELOPMENT_TEAM = PK53CW8644;
				ENABLE_PREVIEWS = YES;
				ENABLE_USER_SCRIPT_SANDBOXING = NO;
				GENERATE_INFOPLIST_FILE = YES;
				INFOPLIST_FILE = Ritualist/Info.plist;
				INFOPLIST_KEY_CFBundleDisplayName = Ritualist;
				INFOPLIST_KEY_LSApplicationCategoryType = "public.app-category.productivity";
				INFOPLIST_KEY_NSLocationAlwaysAndWhenInUseUsageDescription = "Ritualist monitors your location in the background to send habit reminders when you enter or leave specific areas.";
				INFOPLIST_KEY_NSLocationWhenInUseUsageDescription = "Ritualist needs your location to send reminders when you arrive at specific places.";
				INFOPLIST_KEY_UIApplicationSceneManifest_Generation = YES;
				INFOPLIST_KEY_UIApplicationSupportsIndirectInputEvents = YES;
				INFOPLIST_KEY_UILaunchScreen_Generation = YES;
				INFOPLIST_KEY_UISupportedInterfaceOrientations_iPad = "UIInterfaceOrientationPortrait UIInterfaceOrientationPortraitUpsideDown UIInterfaceOrientationLandscapeLeft UIInterfaceOrientationLandscapeRight";
				INFOPLIST_KEY_UISupportedInterfaceOrientations_iPhone = "UIInterfaceOrientationPortrait UIInterfaceOrientationLandscapeLeft UIInterfaceOrientationLandscapeRight";
				IPHONEOS_DEPLOYMENT_TARGET = 18.0;
				LD_RUNPATH_SEARCH_PATHS = (
					"$(inherited)",
					"@executable_path/Frameworks",
				);
				MARKETING_VERSION = 0.3.3;
				PRODUCT_BUNDLE_IDENTIFIER = com.vladblajovan.Ritualist;
				PRODUCT_NAME = "$(TARGET_NAME)";
				SUPPORTED_PLATFORMS = "iphoneos iphonesimulator";
				SUPPORTS_MACCATALYST = NO;
				SUPPORTS_MAC_DESIGNED_FOR_IPHONE_IPAD = YES;
				SUPPORTS_XR_DESIGNED_FOR_IPHONE_IPAD = NO;
				SWIFT_ACTIVE_COMPILATION_CONDITIONS = "$(inherited) ALL_FEATURES_ENABLED";
				SWIFT_EMIT_LOC_STRINGS = YES;
				SWIFT_VERSION = 5.0;
				TARGETED_DEVICE_FAMILY = "1,2";
			};
			name = "Debug-AllFeatures";
		};
		91935A792E3F52CE0058471E /* Debug-AllFeatures */ = {
			isa = XCBuildConfiguration;
			buildSettings = {
				BUNDLE_LOADER = "$(TEST_HOST)";
				CLANG_ENABLE_MODULES = YES;
				CODE_SIGN_STYLE = Automatic;
				CURRENT_PROJECT_VERSION = 219;
				DEVELOPMENT_TEAM = PK53CW8644;
				GENERATE_INFOPLIST_FILE = YES;
				IPHONEOS_DEPLOYMENT_TARGET = 18.0;
				MARKETING_VERSION = 0.3.3;
				PRODUCT_BUNDLE_IDENTIFIER = com.vladblajovan.RitualistTests;
				PRODUCT_NAME = "$(TARGET_NAME)";
				SWIFT_EMIT_LOC_STRINGS = NO;
				SWIFT_OPTIMIZATION_LEVEL = "-Onone";
				SWIFT_VERSION = 5.0;
				TARGETED_DEVICE_FAMILY = "1,2";
				TEST_HOST = "$(BUILT_PRODUCTS_DIR)/Ritualist.app/$(BUNDLE_EXECUTABLE_FOLDER_PATH)/Ritualist";
			};
			name = "Debug-AllFeatures";
		};
		91935A7A2E3F52CE0058471E /* Debug-AllFeatures */ = {
			isa = XCBuildConfiguration;
			buildSettings = {
				CODE_SIGN_STYLE = Automatic;
				CURRENT_PROJECT_VERSION = 219;
				DEVELOPMENT_TEAM = PK53CW8644;
				GENERATE_INFOPLIST_FILE = YES;
				IPHONEOS_DEPLOYMENT_TARGET = 18.0;
				MARKETING_VERSION = 0.3.3;
				PRODUCT_BUNDLE_IDENTIFIER = com.vladblajovan.RitualistUITests;
				PRODUCT_NAME = "$(TARGET_NAME)";
				SWIFT_EMIT_LOC_STRINGS = NO;
				SWIFT_VERSION = 5.0;
				TARGETED_DEVICE_FAMILY = "1,2";
				TEST_TARGET_NAME = Ritualist;
			};
			name = "Debug-AllFeatures";
		};
		91935A7B2E3F52E20058471E /* Debug-Subscription */ = {
			isa = XCBuildConfiguration;
			buildSettings = {
				ALWAYS_SEARCH_USER_PATHS = NO;
				ASSETCATALOG_COMPILER_GENERATE_SWIFT_ASSET_SYMBOL_EXTENSIONS = YES;
				CLANG_ANALYZER_NONNULL = YES;
				CLANG_ANALYZER_NUMBER_OBJECT_CONVERSION = YES_AGGRESSIVE;
				CLANG_CXX_LANGUAGE_STANDARD = "gnu++20";
				CLANG_ENABLE_MODULES = YES;
				CLANG_ENABLE_OBJC_ARC = YES;
				CLANG_ENABLE_OBJC_WEAK = YES;
				CLANG_WARN_BLOCK_CAPTURE_AUTORELEASING = YES;
				CLANG_WARN_BOOL_CONVERSION = YES;
				CLANG_WARN_COMMA = YES;
				CLANG_WARN_CONSTANT_CONVERSION = YES;
				CLANG_WARN_DEPRECATED_OBJC_IMPLEMENTATIONS = YES;
				CLANG_WARN_DIRECT_OBJC_ISA_USAGE = YES_ERROR;
				CLANG_WARN_DOCUMENTATION_COMMENTS = YES;
				CLANG_WARN_EMPTY_BODY = YES;
				CLANG_WARN_ENUM_CONVERSION = YES;
				CLANG_WARN_INFINITE_RECURSION = YES;
				CLANG_WARN_INT_CONVERSION = YES;
				CLANG_WARN_NON_LITERAL_NULL_CONVERSION = YES;
				CLANG_WARN_OBJC_IMPLICIT_RETAIN_SELF = YES;
				CLANG_WARN_OBJC_LITERAL_CONVERSION = YES;
				CLANG_WARN_OBJC_ROOT_CLASS = YES_ERROR;
				CLANG_WARN_QUOTED_INCLUDE_IN_FRAMEWORK_HEADER = YES;
				CLANG_WARN_RANGE_LOOP_ANALYSIS = YES;
				CLANG_WARN_STRICT_PROTOTYPES = YES;
				CLANG_WARN_SUSPICIOUS_MOVE = YES;
				CLANG_WARN_UNGUARDED_AVAILABILITY = YES_AGGRESSIVE;
				CLANG_WARN_UNREACHABLE_CODE = YES;
				CLANG_WARN__DUPLICATE_METHOD_MATCH = YES;
				COPY_PHASE_STRIP = NO;
				DEBUG_INFORMATION_FORMAT = dwarf;
				DEVELOPMENT_TEAM = PK53CW8644;
				ENABLE_STRICT_OBJC_MSGSEND = YES;
				ENABLE_TESTABILITY = YES;
				ENABLE_USER_SCRIPT_SANDBOXING = YES;
				GCC_C_LANGUAGE_STANDARD = gnu17;
				GCC_DYNAMIC_NO_PIC = NO;
				GCC_NO_COMMON_BLOCKS = YES;
				GCC_OPTIMIZATION_LEVEL = 0;
				GCC_PREPROCESSOR_DEFINITIONS = (
					"DEBUG=1",
					"$(inherited)",
				);
				GCC_WARN_64_TO_32_BIT_CONVERSION = YES;
				GCC_WARN_ABOUT_RETURN_TYPE = YES_ERROR;
				GCC_WARN_UNDECLARED_SELECTOR = YES;
				GCC_WARN_UNINITIALIZED_AUTOS = YES_AGGRESSIVE;
				GCC_WARN_UNUSED_FUNCTION = YES;
				GCC_WARN_UNUSED_VARIABLE = YES;
				IPHONEOS_DEPLOYMENT_TARGET = 17.6;
				LOCALIZATION_PREFERS_STRING_CATALOGS = YES;
				MTL_ENABLE_DEBUG_INFO = INCLUDE_SOURCE;
				MTL_FAST_MATH = YES;
				ONLY_ACTIVE_ARCH = YES;
				SDKROOT = iphoneos;
				SWIFT_ACTIVE_COMPILATION_CONDITIONS = "DEBUG $(inherited)";
				SWIFT_OPTIMIZATION_LEVEL = "-Onone";
			};
			name = "Debug-Subscription";
		};
		91935A7C2E3F52E20058471E /* Debug-Subscription */ = {
			isa = XCBuildConfiguration;
			buildSettings = {
				ASSETCATALOG_COMPILER_APPICON_NAME = AppIcon;
				ASSETCATALOG_COMPILER_GLOBAL_ACCENT_COLOR_NAME = AccentColor;
				CODE_SIGN_ENTITLEMENTS = Ritualist/Ritualist.entitlements;
				CODE_SIGN_STYLE = Automatic;
				CURRENT_PROJECT_VERSION = 219;
				DEVELOPMENT_TEAM = PK53CW8644;
				ENABLE_PREVIEWS = YES;
				ENABLE_USER_SCRIPT_SANDBOXING = NO;
				GENERATE_INFOPLIST_FILE = YES;
				INFOPLIST_FILE = Ritualist/Info.plist;
				INFOPLIST_KEY_CFBundleDisplayName = Ritualist;
				INFOPLIST_KEY_LSApplicationCategoryType = "public.app-category.productivity";
				INFOPLIST_KEY_NSLocationAlwaysAndWhenInUseUsageDescription = "Ritualist monitors your location in the background to send habit reminders when you enter or leave specific areas.";
				INFOPLIST_KEY_NSLocationWhenInUseUsageDescription = "Ritualist needs your location to send reminders when you arrive at specific places.";
				INFOPLIST_KEY_UIApplicationSceneManifest_Generation = YES;
				INFOPLIST_KEY_UIApplicationSupportsIndirectInputEvents = YES;
				INFOPLIST_KEY_UILaunchScreen_Generation = YES;
				INFOPLIST_KEY_UISupportedInterfaceOrientations_iPad = "UIInterfaceOrientationPortrait UIInterfaceOrientationPortraitUpsideDown UIInterfaceOrientationLandscapeLeft UIInterfaceOrientationLandscapeRight";
				INFOPLIST_KEY_UISupportedInterfaceOrientations_iPhone = "UIInterfaceOrientationPortrait UIInterfaceOrientationLandscapeLeft UIInterfaceOrientationLandscapeRight";
				IPHONEOS_DEPLOYMENT_TARGET = 18.0;
				LD_RUNPATH_SEARCH_PATHS = (
					"$(inherited)",
					"@executable_path/Frameworks",
				);
				MARKETING_VERSION = 0.3.3;
				PRODUCT_BUNDLE_IDENTIFIER = com.vladblajovan.Ritualist;
				PRODUCT_NAME = "$(TARGET_NAME)";
				SUPPORTED_PLATFORMS = "iphoneos iphonesimulator";
				SUPPORTS_MACCATALYST = NO;
				SUPPORTS_MAC_DESIGNED_FOR_IPHONE_IPAD = YES;
				SUPPORTS_XR_DESIGNED_FOR_IPHONE_IPAD = NO;
				SWIFT_ACTIVE_COMPILATION_CONDITIONS = "$(inherited) SUBSCRIPTION_ENABLED";
				SWIFT_EMIT_LOC_STRINGS = YES;
				SWIFT_VERSION = 5.0;
				TARGETED_DEVICE_FAMILY = "1,2";
			};
			name = "Debug-Subscription";
		};
		91935A7D2E3F52E20058471E /* Debug-Subscription */ = {
			isa = XCBuildConfiguration;
			buildSettings = {
				BUNDLE_LOADER = "$(TEST_HOST)";
				CLANG_ENABLE_MODULES = YES;
				CODE_SIGN_STYLE = Automatic;
				CURRENT_PROJECT_VERSION = 219;
				DEVELOPMENT_TEAM = PK53CW8644;
				GENERATE_INFOPLIST_FILE = YES;
				IPHONEOS_DEPLOYMENT_TARGET = 18.0;
				MARKETING_VERSION = 0.3.3;
				PRODUCT_BUNDLE_IDENTIFIER = com.vladblajovan.RitualistTests;
				PRODUCT_NAME = "$(TARGET_NAME)";
				SWIFT_EMIT_LOC_STRINGS = NO;
				SWIFT_OPTIMIZATION_LEVEL = "-Onone";
				SWIFT_VERSION = 5.0;
				TARGETED_DEVICE_FAMILY = "1,2";
				TEST_HOST = "$(BUILT_PRODUCTS_DIR)/Ritualist.app/$(BUNDLE_EXECUTABLE_FOLDER_PATH)/Ritualist";
			};
			name = "Debug-Subscription";
		};
		91935A7E2E3F52E20058471E /* Debug-Subscription */ = {
			isa = XCBuildConfiguration;
			buildSettings = {
				CODE_SIGN_STYLE = Automatic;
				CURRENT_PROJECT_VERSION = 219;
				DEVELOPMENT_TEAM = PK53CW8644;
				GENERATE_INFOPLIST_FILE = YES;
				IPHONEOS_DEPLOYMENT_TARGET = 18.0;
				MARKETING_VERSION = 0.3.3;
				PRODUCT_BUNDLE_IDENTIFIER = com.vladblajovan.RitualistUITests;
				PRODUCT_NAME = "$(TARGET_NAME)";
				SWIFT_EMIT_LOC_STRINGS = NO;
				SWIFT_VERSION = 5.0;
				TARGETED_DEVICE_FAMILY = "1,2";
				TEST_TARGET_NAME = Ritualist;
			};
			name = "Debug-Subscription";
		};
		91935A7F2E3F52F20058471E /* Release-AllFeatures */ = {
			isa = XCBuildConfiguration;
			buildSettings = {
				ALWAYS_SEARCH_USER_PATHS = NO;
				ASSETCATALOG_COMPILER_GENERATE_SWIFT_ASSET_SYMBOL_EXTENSIONS = YES;
				CLANG_ANALYZER_NONNULL = YES;
				CLANG_ANALYZER_NUMBER_OBJECT_CONVERSION = YES_AGGRESSIVE;
				CLANG_CXX_LANGUAGE_STANDARD = "gnu++20";
				CLANG_ENABLE_MODULES = YES;
				CLANG_ENABLE_OBJC_ARC = YES;
				CLANG_ENABLE_OBJC_WEAK = YES;
				CLANG_WARN_BLOCK_CAPTURE_AUTORELEASING = YES;
				CLANG_WARN_BOOL_CONVERSION = YES;
				CLANG_WARN_COMMA = YES;
				CLANG_WARN_CONSTANT_CONVERSION = YES;
				CLANG_WARN_DEPRECATED_OBJC_IMPLEMENTATIONS = YES;
				CLANG_WARN_DIRECT_OBJC_ISA_USAGE = YES_ERROR;
				CLANG_WARN_DOCUMENTATION_COMMENTS = YES;
				CLANG_WARN_EMPTY_BODY = YES;
				CLANG_WARN_ENUM_CONVERSION = YES;
				CLANG_WARN_INFINITE_RECURSION = YES;
				CLANG_WARN_INT_CONVERSION = YES;
				CLANG_WARN_NON_LITERAL_NULL_CONVERSION = YES;
				CLANG_WARN_OBJC_IMPLICIT_RETAIN_SELF = YES;
				CLANG_WARN_OBJC_LITERAL_CONVERSION = YES;
				CLANG_WARN_OBJC_ROOT_CLASS = YES_ERROR;
				CLANG_WARN_QUOTED_INCLUDE_IN_FRAMEWORK_HEADER = YES;
				CLANG_WARN_RANGE_LOOP_ANALYSIS = YES;
				CLANG_WARN_STRICT_PROTOTYPES = YES;
				CLANG_WARN_SUSPICIOUS_MOVE = YES;
				CLANG_WARN_UNGUARDED_AVAILABILITY = YES_AGGRESSIVE;
				CLANG_WARN_UNREACHABLE_CODE = YES;
				CLANG_WARN__DUPLICATE_METHOD_MATCH = YES;
				COPY_PHASE_STRIP = NO;
				DEBUG_INFORMATION_FORMAT = "dwarf-with-dsym";
				DEVELOPMENT_TEAM = PK53CW8644;
				ENABLE_NS_ASSERTIONS = NO;
				ENABLE_STRICT_OBJC_MSGSEND = YES;
				ENABLE_USER_SCRIPT_SANDBOXING = YES;
				GCC_C_LANGUAGE_STANDARD = gnu17;
				GCC_NO_COMMON_BLOCKS = YES;
				GCC_WARN_64_TO_32_BIT_CONVERSION = YES;
				GCC_WARN_ABOUT_RETURN_TYPE = YES_ERROR;
				GCC_WARN_UNDECLARED_SELECTOR = YES;
				GCC_WARN_UNINITIALIZED_AUTOS = YES_AGGRESSIVE;
				GCC_WARN_UNUSED_FUNCTION = YES;
				GCC_WARN_UNUSED_VARIABLE = YES;
				IPHONEOS_DEPLOYMENT_TARGET = 17.6;
				LOCALIZATION_PREFERS_STRING_CATALOGS = YES;
				MTL_ENABLE_DEBUG_INFO = NO;
				MTL_FAST_MATH = YES;
				SDKROOT = iphoneos;
				SWIFT_COMPILATION_MODE = wholemodule;
				VALIDATE_PRODUCT = YES;
			};
			name = "Release-AllFeatures";
		};
		91935A802E3F52F20058471E /* Release-AllFeatures */ = {
			isa = XCBuildConfiguration;
			buildSettings = {
				ASSETCATALOG_COMPILER_APPICON_NAME = AppIcon;
				ASSETCATALOG_COMPILER_GLOBAL_ACCENT_COLOR_NAME = AccentColor;
				CODE_SIGN_ENTITLEMENTS = Ritualist/Ritualist.entitlements;
				CODE_SIGN_STYLE = Automatic;
				CURRENT_PROJECT_VERSION = 219;
				DEVELOPMENT_TEAM = PK53CW8644;
				ENABLE_PREVIEWS = YES;
				ENABLE_USER_SCRIPT_SANDBOXING = NO;
				GENERATE_INFOPLIST_FILE = YES;
				INFOPLIST_FILE = Ritualist/Info.plist;
				INFOPLIST_KEY_CFBundleDisplayName = Ritualist;
				INFOPLIST_KEY_LSApplicationCategoryType = "public.app-category.productivity";
				INFOPLIST_KEY_NSLocationAlwaysAndWhenInUseUsageDescription = "Ritualist monitors your location in the background to send habit reminders when you enter or leave specific areas.";
				INFOPLIST_KEY_NSLocationWhenInUseUsageDescription = "Ritualist needs your location to send reminders when you arrive at specific places.";
				INFOPLIST_KEY_UIApplicationSceneManifest_Generation = YES;
				INFOPLIST_KEY_UIApplicationSupportsIndirectInputEvents = YES;
				INFOPLIST_KEY_UILaunchScreen_Generation = YES;
				INFOPLIST_KEY_UISupportedInterfaceOrientations_iPad = "UIInterfaceOrientationPortrait UIInterfaceOrientationPortraitUpsideDown UIInterfaceOrientationLandscapeLeft UIInterfaceOrientationLandscapeRight";
				INFOPLIST_KEY_UISupportedInterfaceOrientations_iPhone = "UIInterfaceOrientationPortrait UIInterfaceOrientationLandscapeLeft UIInterfaceOrientationLandscapeRight";
				IPHONEOS_DEPLOYMENT_TARGET = 18.0;
				LD_RUNPATH_SEARCH_PATHS = (
					"$(inherited)",
					"@executable_path/Frameworks",
				);
				MARKETING_VERSION = 0.3.3;
				PRODUCT_BUNDLE_IDENTIFIER = com.vladblajovan.Ritualist;
				PRODUCT_NAME = "$(TARGET_NAME)";
				SUPPORTED_PLATFORMS = "iphoneos iphonesimulator";
				SUPPORTS_MACCATALYST = NO;
				SUPPORTS_MAC_DESIGNED_FOR_IPHONE_IPAD = YES;
				SUPPORTS_XR_DESIGNED_FOR_IPHONE_IPAD = NO;
				SWIFT_ACTIVE_COMPILATION_CONDITIONS = "$(inherited) ALL_FEATURES_ENABLED";
				SWIFT_EMIT_LOC_STRINGS = YES;
				SWIFT_VERSION = 5.0;
				TARGETED_DEVICE_FAMILY = "1,2";
			};
			name = "Release-AllFeatures";
		};
		91935A812E3F52F20058471E /* Release-AllFeatures */ = {
			isa = XCBuildConfiguration;
			buildSettings = {
				BUNDLE_LOADER = "$(TEST_HOST)";
				CLANG_ENABLE_MODULES = YES;
				CODE_SIGN_STYLE = Automatic;
				CURRENT_PROJECT_VERSION = 219;
				DEVELOPMENT_TEAM = PK53CW8644;
				GENERATE_INFOPLIST_FILE = YES;
				IPHONEOS_DEPLOYMENT_TARGET = 18.0;
				MARKETING_VERSION = 0.3.3;
				PRODUCT_BUNDLE_IDENTIFIER = com.vladblajovan.RitualistTests;
				PRODUCT_NAME = "$(TARGET_NAME)";
				SWIFT_EMIT_LOC_STRINGS = NO;
				SWIFT_VERSION = 5.0;
				TARGETED_DEVICE_FAMILY = "1,2";
				TEST_HOST = "$(BUILT_PRODUCTS_DIR)/Ritualist.app/$(BUNDLE_EXECUTABLE_FOLDER_PATH)/Ritualist";
			};
			name = "Release-AllFeatures";
		};
		91935A822E3F52F20058471E /* Release-AllFeatures */ = {
			isa = XCBuildConfiguration;
			buildSettings = {
				CODE_SIGN_STYLE = Automatic;
				CURRENT_PROJECT_VERSION = 219;
				DEVELOPMENT_TEAM = PK53CW8644;
				GENERATE_INFOPLIST_FILE = YES;
				IPHONEOS_DEPLOYMENT_TARGET = 18.0;
				MARKETING_VERSION = 0.3.3;
				PRODUCT_BUNDLE_IDENTIFIER = com.vladblajovan.RitualistUITests;
				PRODUCT_NAME = "$(TARGET_NAME)";
				SWIFT_EMIT_LOC_STRINGS = NO;
				SWIFT_VERSION = 5.0;
				TARGETED_DEVICE_FAMILY = "1,2";
				TEST_TARGET_NAME = Ritualist;
			};
			name = "Release-AllFeatures";
		};
		91935A832E3F52FB0058471E /* Release-Subscription */ = {
			isa = XCBuildConfiguration;
			buildSettings = {
				ALWAYS_SEARCH_USER_PATHS = NO;
				ASSETCATALOG_COMPILER_GENERATE_SWIFT_ASSET_SYMBOL_EXTENSIONS = YES;
				CLANG_ANALYZER_NONNULL = YES;
				CLANG_ANALYZER_NUMBER_OBJECT_CONVERSION = YES_AGGRESSIVE;
				CLANG_CXX_LANGUAGE_STANDARD = "gnu++20";
				CLANG_ENABLE_MODULES = YES;
				CLANG_ENABLE_OBJC_ARC = YES;
				CLANG_ENABLE_OBJC_WEAK = YES;
				CLANG_WARN_BLOCK_CAPTURE_AUTORELEASING = YES;
				CLANG_WARN_BOOL_CONVERSION = YES;
				CLANG_WARN_COMMA = YES;
				CLANG_WARN_CONSTANT_CONVERSION = YES;
				CLANG_WARN_DEPRECATED_OBJC_IMPLEMENTATIONS = YES;
				CLANG_WARN_DIRECT_OBJC_ISA_USAGE = YES_ERROR;
				CLANG_WARN_DOCUMENTATION_COMMENTS = YES;
				CLANG_WARN_EMPTY_BODY = YES;
				CLANG_WARN_ENUM_CONVERSION = YES;
				CLANG_WARN_INFINITE_RECURSION = YES;
				CLANG_WARN_INT_CONVERSION = YES;
				CLANG_WARN_NON_LITERAL_NULL_CONVERSION = YES;
				CLANG_WARN_OBJC_IMPLICIT_RETAIN_SELF = YES;
				CLANG_WARN_OBJC_LITERAL_CONVERSION = YES;
				CLANG_WARN_OBJC_ROOT_CLASS = YES_ERROR;
				CLANG_WARN_QUOTED_INCLUDE_IN_FRAMEWORK_HEADER = YES;
				CLANG_WARN_RANGE_LOOP_ANALYSIS = YES;
				CLANG_WARN_STRICT_PROTOTYPES = YES;
				CLANG_WARN_SUSPICIOUS_MOVE = YES;
				CLANG_WARN_UNGUARDED_AVAILABILITY = YES_AGGRESSIVE;
				CLANG_WARN_UNREACHABLE_CODE = YES;
				CLANG_WARN__DUPLICATE_METHOD_MATCH = YES;
				COPY_PHASE_STRIP = NO;
				DEBUG_INFORMATION_FORMAT = "dwarf-with-dsym";
				DEVELOPMENT_TEAM = PK53CW8644;
				ENABLE_NS_ASSERTIONS = NO;
				ENABLE_STRICT_OBJC_MSGSEND = YES;
				ENABLE_USER_SCRIPT_SANDBOXING = YES;
				GCC_C_LANGUAGE_STANDARD = gnu17;
				GCC_NO_COMMON_BLOCKS = YES;
				GCC_WARN_64_TO_32_BIT_CONVERSION = YES;
				GCC_WARN_ABOUT_RETURN_TYPE = YES_ERROR;
				GCC_WARN_UNDECLARED_SELECTOR = YES;
				GCC_WARN_UNINITIALIZED_AUTOS = YES_AGGRESSIVE;
				GCC_WARN_UNUSED_FUNCTION = YES;
				GCC_WARN_UNUSED_VARIABLE = YES;
				IPHONEOS_DEPLOYMENT_TARGET = 17.6;
				LOCALIZATION_PREFERS_STRING_CATALOGS = YES;
				MTL_ENABLE_DEBUG_INFO = NO;
				MTL_FAST_MATH = YES;
				SDKROOT = iphoneos;
				SWIFT_COMPILATION_MODE = wholemodule;
				VALIDATE_PRODUCT = YES;
			};
			name = "Release-Subscription";
		};
		91935A842E3F52FB0058471E /* Release-Subscription */ = {
			isa = XCBuildConfiguration;
			buildSettings = {
				ASSETCATALOG_COMPILER_APPICON_NAME = AppIcon;
				ASSETCATALOG_COMPILER_GLOBAL_ACCENT_COLOR_NAME = AccentColor;
				CODE_SIGN_ENTITLEMENTS = Ritualist/Ritualist.entitlements;
				CODE_SIGN_STYLE = Automatic;
				CURRENT_PROJECT_VERSION = 219;
				DEVELOPMENT_TEAM = PK53CW8644;
				ENABLE_PREVIEWS = YES;
				ENABLE_USER_SCRIPT_SANDBOXING = NO;
				GENERATE_INFOPLIST_FILE = YES;
				INFOPLIST_FILE = Ritualist/Info.plist;
				INFOPLIST_KEY_CFBundleDisplayName = Ritualist;
				INFOPLIST_KEY_LSApplicationCategoryType = "public.app-category.productivity";
				INFOPLIST_KEY_NSLocationAlwaysAndWhenInUseUsageDescription = "Ritualist monitors your location in the background to send habit reminders when you enter or leave specific areas.";
				INFOPLIST_KEY_NSLocationWhenInUseUsageDescription = "Ritualist needs your location to send reminders when you arrive at specific places.";
				INFOPLIST_KEY_UIApplicationSceneManifest_Generation = YES;
				INFOPLIST_KEY_UIApplicationSupportsIndirectInputEvents = YES;
				INFOPLIST_KEY_UILaunchScreen_Generation = YES;
				INFOPLIST_KEY_UISupportedInterfaceOrientations_iPad = "UIInterfaceOrientationPortrait UIInterfaceOrientationPortraitUpsideDown UIInterfaceOrientationLandscapeLeft UIInterfaceOrientationLandscapeRight";
				INFOPLIST_KEY_UISupportedInterfaceOrientations_iPhone = "UIInterfaceOrientationPortrait UIInterfaceOrientationLandscapeLeft UIInterfaceOrientationLandscapeRight";
				IPHONEOS_DEPLOYMENT_TARGET = 18.0;
				LD_RUNPATH_SEARCH_PATHS = (
					"$(inherited)",
					"@executable_path/Frameworks",
				);
				MARKETING_VERSION = 0.3.3;
				PRODUCT_BUNDLE_IDENTIFIER = com.vladblajovan.Ritualist;
				PRODUCT_NAME = "$(TARGET_NAME)";
				SUPPORTED_PLATFORMS = "iphoneos iphonesimulator";
				SUPPORTS_MACCATALYST = NO;
				SUPPORTS_MAC_DESIGNED_FOR_IPHONE_IPAD = YES;
				SUPPORTS_XR_DESIGNED_FOR_IPHONE_IPAD = NO;
				SWIFT_ACTIVE_COMPILATION_CONDITIONS = "$(inherited) SUBSCRIPTION_ENABLED";
				SWIFT_EMIT_LOC_STRINGS = YES;
				SWIFT_VERSION = 5.0;
				TARGETED_DEVICE_FAMILY = "1,2";
			};
			name = "Release-Subscription";
		};
		91935A852E3F52FB0058471E /* Release-Subscription */ = {
			isa = XCBuildConfiguration;
			buildSettings = {
				BUNDLE_LOADER = "$(TEST_HOST)";
				CLANG_ENABLE_MODULES = YES;
				CODE_SIGN_STYLE = Automatic;
				CURRENT_PROJECT_VERSION = 219;
				DEVELOPMENT_TEAM = PK53CW8644;
				GENERATE_INFOPLIST_FILE = YES;
				IPHONEOS_DEPLOYMENT_TARGET = 18.0;
				MARKETING_VERSION = 0.3.3;
				PRODUCT_BUNDLE_IDENTIFIER = com.vladblajovan.RitualistTests;
				PRODUCT_NAME = "$(TARGET_NAME)";
				SWIFT_EMIT_LOC_STRINGS = NO;
				SWIFT_VERSION = 5.0;
				TARGETED_DEVICE_FAMILY = "1,2";
				TEST_HOST = "$(BUILT_PRODUCTS_DIR)/Ritualist.app/$(BUNDLE_EXECUTABLE_FOLDER_PATH)/Ritualist";
			};
			name = "Release-Subscription";
		};
		91935A862E3F52FB0058471E /* Release-Subscription */ = {
			isa = XCBuildConfiguration;
			buildSettings = {
				CODE_SIGN_STYLE = Automatic;
				CURRENT_PROJECT_VERSION = 219;
				DEVELOPMENT_TEAM = PK53CW8644;
				GENERATE_INFOPLIST_FILE = YES;
				IPHONEOS_DEPLOYMENT_TARGET = 18.0;
				MARKETING_VERSION = 0.3.3;
				PRODUCT_BUNDLE_IDENTIFIER = com.vladblajovan.RitualistUITests;
				PRODUCT_NAME = "$(TARGET_NAME)";
				SWIFT_EMIT_LOC_STRINGS = NO;
				SWIFT_VERSION = 5.0;
				TARGETED_DEVICE_FAMILY = "1,2";
				TEST_TARGET_NAME = Ritualist;
			};
			name = "Release-Subscription";
		};
		91A5C7E32E5369230095C251 /* Debug */ = {
			isa = XCBuildConfiguration;
			buildSettings = {
				ASSETCATALOG_COMPILER_GLOBAL_ACCENT_COLOR_NAME = AccentColor;
				ASSETCATALOG_COMPILER_WIDGET_BACKGROUND_COLOR_NAME = WidgetBackground;
				CODE_SIGN_ENTITLEMENTS = RitualistWidgetExtension.entitlements;
				CODE_SIGN_STYLE = Automatic;
				CURRENT_PROJECT_VERSION = 219;
				DEVELOPMENT_TEAM = PK53CW8644;
				GENERATE_INFOPLIST_FILE = YES;
				INFOPLIST_FILE = RitualistWidget/Info.plist;
				INFOPLIST_KEY_CFBundleDisplayName = RitualistWidget;
				INFOPLIST_KEY_NSHumanReadableCopyright = "";
				IPHONEOS_DEPLOYMENT_TARGET = 18.0;
				LD_RUNPATH_SEARCH_PATHS = (
					"$(inherited)",
					"@executable_path/Frameworks",
					"@executable_path/../../Frameworks",
				);
				MARKETING_VERSION = 0.3.3;
				PRODUCT_BUNDLE_IDENTIFIER = com.vladblajovan.Ritualist.widget;
				PRODUCT_NAME = "$(TARGET_NAME)";
				SKIP_INSTALL = YES;
				STRING_CATALOG_GENERATE_SYMBOLS = YES;
				SWIFT_APPROACHABLE_CONCURRENCY = YES;
				SWIFT_EMIT_LOC_STRINGS = YES;
				SWIFT_UPCOMING_FEATURE_MEMBER_IMPORT_VISIBILITY = YES;
				SWIFT_VERSION = 5.0;
				TARGETED_DEVICE_FAMILY = "1,2";
			};
			name = Debug;
		};
		91A5C7E42E5369230095C251 /* Debug-Subscription */ = {
			isa = XCBuildConfiguration;
			buildSettings = {
				ASSETCATALOG_COMPILER_GLOBAL_ACCENT_COLOR_NAME = AccentColor;
				ASSETCATALOG_COMPILER_WIDGET_BACKGROUND_COLOR_NAME = WidgetBackground;
				CODE_SIGN_ENTITLEMENTS = RitualistWidgetExtension.entitlements;
				CODE_SIGN_STYLE = Automatic;
				CURRENT_PROJECT_VERSION = 219;
				DEVELOPMENT_TEAM = PK53CW8644;
				GENERATE_INFOPLIST_FILE = YES;
				INFOPLIST_FILE = RitualistWidget/Info.plist;
				INFOPLIST_KEY_CFBundleDisplayName = RitualistWidget;
				INFOPLIST_KEY_NSHumanReadableCopyright = "";
				IPHONEOS_DEPLOYMENT_TARGET = 18.0;
				LD_RUNPATH_SEARCH_PATHS = (
					"$(inherited)",
					"@executable_path/Frameworks",
					"@executable_path/../../Frameworks",
				);
				MARKETING_VERSION = 0.3.3;
				PRODUCT_BUNDLE_IDENTIFIER = com.vladblajovan.Ritualist.widget;
				PRODUCT_NAME = "$(TARGET_NAME)";
				SKIP_INSTALL = YES;
				STRING_CATALOG_GENERATE_SYMBOLS = YES;
				SWIFT_APPROACHABLE_CONCURRENCY = YES;
				SWIFT_EMIT_LOC_STRINGS = YES;
				SWIFT_UPCOMING_FEATURE_MEMBER_IMPORT_VISIBILITY = YES;
				SWIFT_VERSION = 5.0;
				TARGETED_DEVICE_FAMILY = "1,2";
			};
			name = "Debug-Subscription";
		};
		91A5C7E52E5369230095C251 /* Debug-AllFeatures */ = {
			isa = XCBuildConfiguration;
			buildSettings = {
				ASSETCATALOG_COMPILER_GLOBAL_ACCENT_COLOR_NAME = AccentColor;
				ASSETCATALOG_COMPILER_WIDGET_BACKGROUND_COLOR_NAME = WidgetBackground;
				CODE_SIGN_ENTITLEMENTS = RitualistWidgetExtension.entitlements;
				CODE_SIGN_STYLE = Automatic;
				CURRENT_PROJECT_VERSION = 219;
				DEVELOPMENT_TEAM = PK53CW8644;
				GENERATE_INFOPLIST_FILE = YES;
				INFOPLIST_FILE = RitualistWidget/Info.plist;
				INFOPLIST_KEY_CFBundleDisplayName = RitualistWidget;
				INFOPLIST_KEY_NSHumanReadableCopyright = "";
				IPHONEOS_DEPLOYMENT_TARGET = 18.0;
				LD_RUNPATH_SEARCH_PATHS = (
					"$(inherited)",
					"@executable_path/Frameworks",
					"@executable_path/../../Frameworks",
				);
				MARKETING_VERSION = 0.3.3;
				PRODUCT_BUNDLE_IDENTIFIER = com.vladblajovan.Ritualist.widget;
				PRODUCT_NAME = "$(TARGET_NAME)";
				SKIP_INSTALL = YES;
				STRING_CATALOG_GENERATE_SYMBOLS = YES;
				SWIFT_APPROACHABLE_CONCURRENCY = YES;
				SWIFT_EMIT_LOC_STRINGS = YES;
				SWIFT_UPCOMING_FEATURE_MEMBER_IMPORT_VISIBILITY = YES;
				SWIFT_VERSION = 5.0;
				TARGETED_DEVICE_FAMILY = "1,2";
			};
			name = "Debug-AllFeatures";
		};
		91A5C7E62E5369230095C251 /* Release */ = {
			isa = XCBuildConfiguration;
			buildSettings = {
				ASSETCATALOG_COMPILER_GLOBAL_ACCENT_COLOR_NAME = AccentColor;
				ASSETCATALOG_COMPILER_WIDGET_BACKGROUND_COLOR_NAME = WidgetBackground;
				CODE_SIGN_ENTITLEMENTS = RitualistWidgetExtension.entitlements;
				CODE_SIGN_STYLE = Automatic;
				CURRENT_PROJECT_VERSION = 219;
				DEVELOPMENT_TEAM = PK53CW8644;
				GENERATE_INFOPLIST_FILE = YES;
				INFOPLIST_FILE = RitualistWidget/Info.plist;
				INFOPLIST_KEY_CFBundleDisplayName = RitualistWidget;
				INFOPLIST_KEY_NSHumanReadableCopyright = "";
				IPHONEOS_DEPLOYMENT_TARGET = 18.0;
				LD_RUNPATH_SEARCH_PATHS = (
					"$(inherited)",
					"@executable_path/Frameworks",
					"@executable_path/../../Frameworks",
				);
				MARKETING_VERSION = 0.3.3;
				PRODUCT_BUNDLE_IDENTIFIER = com.vladblajovan.Ritualist.widget;
				PRODUCT_NAME = "$(TARGET_NAME)";
				SKIP_INSTALL = YES;
				STRING_CATALOG_GENERATE_SYMBOLS = YES;
				SWIFT_APPROACHABLE_CONCURRENCY = YES;
				SWIFT_EMIT_LOC_STRINGS = YES;
				SWIFT_UPCOMING_FEATURE_MEMBER_IMPORT_VISIBILITY = YES;
				SWIFT_VERSION = 5.0;
				TARGETED_DEVICE_FAMILY = "1,2";
			};
			name = Release;
		};
		91A5C7E72E5369230095C251 /* Release-Subscription */ = {
			isa = XCBuildConfiguration;
			buildSettings = {
				ASSETCATALOG_COMPILER_GLOBAL_ACCENT_COLOR_NAME = AccentColor;
				ASSETCATALOG_COMPILER_WIDGET_BACKGROUND_COLOR_NAME = WidgetBackground;
				CODE_SIGN_ENTITLEMENTS = RitualistWidgetExtension.entitlements;
				CODE_SIGN_STYLE = Automatic;
				CURRENT_PROJECT_VERSION = 219;
				DEVELOPMENT_TEAM = PK53CW8644;
				GENERATE_INFOPLIST_FILE = YES;
				INFOPLIST_FILE = RitualistWidget/Info.plist;
				INFOPLIST_KEY_CFBundleDisplayName = RitualistWidget;
				INFOPLIST_KEY_NSHumanReadableCopyright = "";
				IPHONEOS_DEPLOYMENT_TARGET = 18.0;
				LD_RUNPATH_SEARCH_PATHS = (
					"$(inherited)",
					"@executable_path/Frameworks",
					"@executable_path/../../Frameworks",
				);
				MARKETING_VERSION = 0.3.3;
				PRODUCT_BUNDLE_IDENTIFIER = com.vladblajovan.Ritualist.widget;
				PRODUCT_NAME = "$(TARGET_NAME)";
				SKIP_INSTALL = YES;
				STRING_CATALOG_GENERATE_SYMBOLS = YES;
				SWIFT_APPROACHABLE_CONCURRENCY = YES;
				SWIFT_EMIT_LOC_STRINGS = YES;
				SWIFT_UPCOMING_FEATURE_MEMBER_IMPORT_VISIBILITY = YES;
				SWIFT_VERSION = 5.0;
				TARGETED_DEVICE_FAMILY = "1,2";
			};
			name = "Release-Subscription";
		};
		91A5C7E82E5369230095C251 /* Release-AllFeatures */ = {
			isa = XCBuildConfiguration;
			buildSettings = {
				ASSETCATALOG_COMPILER_GLOBAL_ACCENT_COLOR_NAME = AccentColor;
				ASSETCATALOG_COMPILER_WIDGET_BACKGROUND_COLOR_NAME = WidgetBackground;
				CODE_SIGN_ENTITLEMENTS = RitualistWidgetExtension.entitlements;
				CODE_SIGN_STYLE = Automatic;
				CURRENT_PROJECT_VERSION = 219;
				DEVELOPMENT_TEAM = PK53CW8644;
				GENERATE_INFOPLIST_FILE = YES;
				INFOPLIST_FILE = RitualistWidget/Info.plist;
				INFOPLIST_KEY_CFBundleDisplayName = RitualistWidget;
				INFOPLIST_KEY_NSHumanReadableCopyright = "";
				IPHONEOS_DEPLOYMENT_TARGET = 18.0;
				LD_RUNPATH_SEARCH_PATHS = (
					"$(inherited)",
					"@executable_path/Frameworks",
					"@executable_path/../../Frameworks",
				);
				MARKETING_VERSION = 0.3.3;
				PRODUCT_BUNDLE_IDENTIFIER = com.vladblajovan.Ritualist.widget;
				PRODUCT_NAME = "$(TARGET_NAME)";
				SKIP_INSTALL = YES;
				STRING_CATALOG_GENERATE_SYMBOLS = YES;
				SWIFT_APPROACHABLE_CONCURRENCY = YES;
				SWIFT_EMIT_LOC_STRINGS = YES;
				SWIFT_UPCOMING_FEATURE_MEMBER_IMPORT_VISIBILITY = YES;
				SWIFT_VERSION = 5.0;
				TARGETED_DEVICE_FAMILY = "1,2";
			};
			name = "Release-AllFeatures";
		};
		91B7310A2E38E4C10050A48A /* Debug */ = {
			isa = XCBuildConfiguration;
			buildSettings = {
				ALWAYS_SEARCH_USER_PATHS = NO;
				ASSETCATALOG_COMPILER_GENERATE_SWIFT_ASSET_SYMBOL_EXTENSIONS = YES;
				CLANG_ANALYZER_NONNULL = YES;
				CLANG_ANALYZER_NUMBER_OBJECT_CONVERSION = YES_AGGRESSIVE;
				CLANG_CXX_LANGUAGE_STANDARD = "gnu++20";
				CLANG_ENABLE_MODULES = YES;
				CLANG_ENABLE_OBJC_ARC = YES;
				CLANG_ENABLE_OBJC_WEAK = YES;
				CLANG_WARN_BLOCK_CAPTURE_AUTORELEASING = YES;
				CLANG_WARN_BOOL_CONVERSION = YES;
				CLANG_WARN_COMMA = YES;
				CLANG_WARN_CONSTANT_CONVERSION = YES;
				CLANG_WARN_DEPRECATED_OBJC_IMPLEMENTATIONS = YES;
				CLANG_WARN_DIRECT_OBJC_ISA_USAGE = YES_ERROR;
				CLANG_WARN_DOCUMENTATION_COMMENTS = YES;
				CLANG_WARN_EMPTY_BODY = YES;
				CLANG_WARN_ENUM_CONVERSION = YES;
				CLANG_WARN_INFINITE_RECURSION = YES;
				CLANG_WARN_INT_CONVERSION = YES;
				CLANG_WARN_NON_LITERAL_NULL_CONVERSION = YES;
				CLANG_WARN_OBJC_IMPLICIT_RETAIN_SELF = YES;
				CLANG_WARN_OBJC_LITERAL_CONVERSION = YES;
				CLANG_WARN_OBJC_ROOT_CLASS = YES_ERROR;
				CLANG_WARN_QUOTED_INCLUDE_IN_FRAMEWORK_HEADER = YES;
				CLANG_WARN_RANGE_LOOP_ANALYSIS = YES;
				CLANG_WARN_STRICT_PROTOTYPES = YES;
				CLANG_WARN_SUSPICIOUS_MOVE = YES;
				CLANG_WARN_UNGUARDED_AVAILABILITY = YES_AGGRESSIVE;
				CLANG_WARN_UNREACHABLE_CODE = YES;
				CLANG_WARN__DUPLICATE_METHOD_MATCH = YES;
				COPY_PHASE_STRIP = NO;
				DEBUG_INFORMATION_FORMAT = dwarf;
				DEVELOPMENT_TEAM = PK53CW8644;
				ENABLE_STRICT_OBJC_MSGSEND = YES;
				ENABLE_TESTABILITY = YES;
				ENABLE_USER_SCRIPT_SANDBOXING = YES;
				GCC_C_LANGUAGE_STANDARD = gnu17;
				GCC_DYNAMIC_NO_PIC = NO;
				GCC_NO_COMMON_BLOCKS = YES;
				GCC_OPTIMIZATION_LEVEL = 0;
				GCC_PREPROCESSOR_DEFINITIONS = (
					"DEBUG=1",
					"$(inherited)",
				);
				GCC_WARN_64_TO_32_BIT_CONVERSION = YES;
				GCC_WARN_ABOUT_RETURN_TYPE = YES_ERROR;
				GCC_WARN_UNDECLARED_SELECTOR = YES;
				GCC_WARN_UNINITIALIZED_AUTOS = YES_AGGRESSIVE;
				GCC_WARN_UNUSED_FUNCTION = YES;
				GCC_WARN_UNUSED_VARIABLE = YES;
				IPHONEOS_DEPLOYMENT_TARGET = 17.6;
				LOCALIZATION_PREFERS_STRING_CATALOGS = YES;
				MTL_ENABLE_DEBUG_INFO = INCLUDE_SOURCE;
				MTL_FAST_MATH = YES;
				ONLY_ACTIVE_ARCH = YES;
				SDKROOT = iphoneos;
				SWIFT_ACTIVE_COMPILATION_CONDITIONS = "DEBUG $(inherited)";
				SWIFT_OPTIMIZATION_LEVEL = "-Onone";
			};
			name = Debug;
		};
		91B7310B2E38E4C10050A48A /* Release */ = {
			isa = XCBuildConfiguration;
			buildSettings = {
				ALWAYS_SEARCH_USER_PATHS = NO;
				ASSETCATALOG_COMPILER_GENERATE_SWIFT_ASSET_SYMBOL_EXTENSIONS = YES;
				CLANG_ANALYZER_NONNULL = YES;
				CLANG_ANALYZER_NUMBER_OBJECT_CONVERSION = YES_AGGRESSIVE;
				CLANG_CXX_LANGUAGE_STANDARD = "gnu++20";
				CLANG_ENABLE_MODULES = YES;
				CLANG_ENABLE_OBJC_ARC = YES;
				CLANG_ENABLE_OBJC_WEAK = YES;
				CLANG_WARN_BLOCK_CAPTURE_AUTORELEASING = YES;
				CLANG_WARN_BOOL_CONVERSION = YES;
				CLANG_WARN_COMMA = YES;
				CLANG_WARN_CONSTANT_CONVERSION = YES;
				CLANG_WARN_DEPRECATED_OBJC_IMPLEMENTATIONS = YES;
				CLANG_WARN_DIRECT_OBJC_ISA_USAGE = YES_ERROR;
				CLANG_WARN_DOCUMENTATION_COMMENTS = YES;
				CLANG_WARN_EMPTY_BODY = YES;
				CLANG_WARN_ENUM_CONVERSION = YES;
				CLANG_WARN_INFINITE_RECURSION = YES;
				CLANG_WARN_INT_CONVERSION = YES;
				CLANG_WARN_NON_LITERAL_NULL_CONVERSION = YES;
				CLANG_WARN_OBJC_IMPLICIT_RETAIN_SELF = YES;
				CLANG_WARN_OBJC_LITERAL_CONVERSION = YES;
				CLANG_WARN_OBJC_ROOT_CLASS = YES_ERROR;
				CLANG_WARN_QUOTED_INCLUDE_IN_FRAMEWORK_HEADER = YES;
				CLANG_WARN_RANGE_LOOP_ANALYSIS = YES;
				CLANG_WARN_STRICT_PROTOTYPES = YES;
				CLANG_WARN_SUSPICIOUS_MOVE = YES;
				CLANG_WARN_UNGUARDED_AVAILABILITY = YES_AGGRESSIVE;
				CLANG_WARN_UNREACHABLE_CODE = YES;
				CLANG_WARN__DUPLICATE_METHOD_MATCH = YES;
				COPY_PHASE_STRIP = NO;
				DEBUG_INFORMATION_FORMAT = "dwarf-with-dsym";
				DEVELOPMENT_TEAM = PK53CW8644;
				ENABLE_NS_ASSERTIONS = NO;
				ENABLE_STRICT_OBJC_MSGSEND = YES;
				ENABLE_USER_SCRIPT_SANDBOXING = YES;
				GCC_C_LANGUAGE_STANDARD = gnu17;
				GCC_NO_COMMON_BLOCKS = YES;
				GCC_WARN_64_TO_32_BIT_CONVERSION = YES;
				GCC_WARN_ABOUT_RETURN_TYPE = YES_ERROR;
				GCC_WARN_UNDECLARED_SELECTOR = YES;
				GCC_WARN_UNINITIALIZED_AUTOS = YES_AGGRESSIVE;
				GCC_WARN_UNUSED_FUNCTION = YES;
				GCC_WARN_UNUSED_VARIABLE = YES;
				IPHONEOS_DEPLOYMENT_TARGET = 17.6;
				LOCALIZATION_PREFERS_STRING_CATALOGS = YES;
				MTL_ENABLE_DEBUG_INFO = NO;
				MTL_FAST_MATH = YES;
				SDKROOT = iphoneos;
				SWIFT_COMPILATION_MODE = wholemodule;
				VALIDATE_PRODUCT = YES;
			};
			name = Release;
		};
		91B7310D2E38E4C10050A48A /* Debug */ = {
			isa = XCBuildConfiguration;
			buildSettings = {
				ASSETCATALOG_COMPILER_APPICON_NAME = AppIcon;
				ASSETCATALOG_COMPILER_GLOBAL_ACCENT_COLOR_NAME = AccentColor;
				CODE_SIGN_ENTITLEMENTS = Ritualist/Ritualist.entitlements;
				CODE_SIGN_STYLE = Automatic;
				CURRENT_PROJECT_VERSION = 219;
				DEVELOPMENT_TEAM = PK53CW8644;
				ENABLE_PREVIEWS = YES;
				ENABLE_USER_SCRIPT_SANDBOXING = NO;
				GENERATE_INFOPLIST_FILE = YES;
				INFOPLIST_FILE = Ritualist/Info.plist;
				INFOPLIST_KEY_CFBundleDisplayName = Ritualist;
				INFOPLIST_KEY_LSApplicationCategoryType = "public.app-category.productivity";
				INFOPLIST_KEY_NSLocationAlwaysAndWhenInUseUsageDescription = "Ritualist monitors your location in the background to send habit reminders when you enter or leave specific areas.";
				INFOPLIST_KEY_NSLocationWhenInUseUsageDescription = "Ritualist needs your location to send reminders when you arrive at specific places.";
				INFOPLIST_KEY_UIApplicationSceneManifest_Generation = YES;
				INFOPLIST_KEY_UIApplicationSupportsIndirectInputEvents = YES;
				INFOPLIST_KEY_UILaunchScreen_Generation = YES;
				INFOPLIST_KEY_UISupportedInterfaceOrientations_iPad = "UIInterfaceOrientationPortrait UIInterfaceOrientationPortraitUpsideDown UIInterfaceOrientationLandscapeLeft UIInterfaceOrientationLandscapeRight";
				INFOPLIST_KEY_UISupportedInterfaceOrientations_iPhone = "UIInterfaceOrientationPortrait UIInterfaceOrientationLandscapeLeft UIInterfaceOrientationLandscapeRight";
				IPHONEOS_DEPLOYMENT_TARGET = 18.0;
				LD_RUNPATH_SEARCH_PATHS = (
					"$(inherited)",
					"@executable_path/Frameworks",
				);
				MARKETING_VERSION = 0.3.3;
				PRODUCT_BUNDLE_IDENTIFIER = com.vladblajovan.Ritualist;
				PRODUCT_NAME = "$(TARGET_NAME)";
				SUPPORTED_PLATFORMS = "iphoneos iphonesimulator";
				SUPPORTS_MACCATALYST = NO;
				SUPPORTS_MAC_DESIGNED_FOR_IPHONE_IPAD = YES;
				SUPPORTS_XR_DESIGNED_FOR_IPHONE_IPAD = NO;
				SWIFT_EMIT_LOC_STRINGS = YES;
				SWIFT_VERSION = 5.0;
				TARGETED_DEVICE_FAMILY = "1,2";
			};
			name = Debug;
		};
		91B7310E2E38E4C10050A48A /* Release */ = {
			isa = XCBuildConfiguration;
			buildSettings = {
				ASSETCATALOG_COMPILER_APPICON_NAME = AppIcon;
				ASSETCATALOG_COMPILER_GLOBAL_ACCENT_COLOR_NAME = AccentColor;
				CODE_SIGN_ENTITLEMENTS = Ritualist/Ritualist.entitlements;
				CODE_SIGN_STYLE = Automatic;
				CURRENT_PROJECT_VERSION = 219;
				DEVELOPMENT_TEAM = PK53CW8644;
				ENABLE_PREVIEWS = YES;
				ENABLE_USER_SCRIPT_SANDBOXING = NO;
				GENERATE_INFOPLIST_FILE = YES;
				INFOPLIST_FILE = Ritualist/Info.plist;
				INFOPLIST_KEY_CFBundleDisplayName = Ritualist;
				INFOPLIST_KEY_LSApplicationCategoryType = "public.app-category.productivity";
				INFOPLIST_KEY_NSLocationAlwaysAndWhenInUseUsageDescription = "Ritualist monitors your location in the background to send habit reminders when you enter or leave specific areas.";
				INFOPLIST_KEY_NSLocationWhenInUseUsageDescription = "Ritualist needs your location to send reminders when you arrive at specific places.";
				INFOPLIST_KEY_UIApplicationSceneManifest_Generation = YES;
				INFOPLIST_KEY_UIApplicationSupportsIndirectInputEvents = YES;
				INFOPLIST_KEY_UILaunchScreen_Generation = YES;
				INFOPLIST_KEY_UISupportedInterfaceOrientations_iPad = "UIInterfaceOrientationPortrait UIInterfaceOrientationPortraitUpsideDown UIInterfaceOrientationLandscapeLeft UIInterfaceOrientationLandscapeRight";
				INFOPLIST_KEY_UISupportedInterfaceOrientations_iPhone = "UIInterfaceOrientationPortrait UIInterfaceOrientationLandscapeLeft UIInterfaceOrientationLandscapeRight";
				IPHONEOS_DEPLOYMENT_TARGET = 18.0;
				LD_RUNPATH_SEARCH_PATHS = (
					"$(inherited)",
					"@executable_path/Frameworks",
				);
				MARKETING_VERSION = 0.3.3;
				PRODUCT_BUNDLE_IDENTIFIER = com.vladblajovan.Ritualist;
				PRODUCT_NAME = "$(TARGET_NAME)";
				SUPPORTED_PLATFORMS = "iphoneos iphonesimulator";
				SUPPORTS_MACCATALYST = NO;
				SUPPORTS_MAC_DESIGNED_FOR_IPHONE_IPAD = YES;
				SUPPORTS_XR_DESIGNED_FOR_IPHONE_IPAD = NO;
				SWIFT_EMIT_LOC_STRINGS = YES;
				SWIFT_VERSION = 5.0;
				TARGETED_DEVICE_FAMILY = "1,2";
			};
			name = Release;
		};
		91B731102E38E4C10050A48A /* Debug */ = {
			isa = XCBuildConfiguration;
			buildSettings = {
				BUNDLE_LOADER = "$(TEST_HOST)";
				CLANG_ENABLE_MODULES = YES;
				CODE_SIGN_STYLE = Automatic;
				CURRENT_PROJECT_VERSION = 219;
				DEVELOPMENT_TEAM = PK53CW8644;
				GENERATE_INFOPLIST_FILE = YES;
				IPHONEOS_DEPLOYMENT_TARGET = 18.0;
				MARKETING_VERSION = 0.3.3;
				PRODUCT_BUNDLE_IDENTIFIER = com.vladblajovan.RitualistTests;
				PRODUCT_NAME = "$(TARGET_NAME)";
				SWIFT_EMIT_LOC_STRINGS = NO;
				SWIFT_OPTIMIZATION_LEVEL = "-Onone";
				SWIFT_VERSION = 5.0;
				TARGETED_DEVICE_FAMILY = "1,2";
				TEST_HOST = "$(BUILT_PRODUCTS_DIR)/Ritualist.app/$(BUNDLE_EXECUTABLE_FOLDER_PATH)/Ritualist";
			};
			name = Debug;
		};
		91B731112E38E4C10050A48A /* Release */ = {
			isa = XCBuildConfiguration;
			buildSettings = {
				BUNDLE_LOADER = "$(TEST_HOST)";
				CLANG_ENABLE_MODULES = YES;
				CODE_SIGN_STYLE = Automatic;
				CURRENT_PROJECT_VERSION = 219;
				DEVELOPMENT_TEAM = PK53CW8644;
				GENERATE_INFOPLIST_FILE = YES;
				IPHONEOS_DEPLOYMENT_TARGET = 18.0;
				MARKETING_VERSION = 0.3.3;
				PRODUCT_BUNDLE_IDENTIFIER = com.vladblajovan.RitualistTests;
				PRODUCT_NAME = "$(TARGET_NAME)";
				SWIFT_EMIT_LOC_STRINGS = NO;
				SWIFT_VERSION = 5.0;
				TARGETED_DEVICE_FAMILY = "1,2";
				TEST_HOST = "$(BUILT_PRODUCTS_DIR)/Ritualist.app/$(BUNDLE_EXECUTABLE_FOLDER_PATH)/Ritualist";
			};
			name = Release;
		};
		91B731132E38E4C10050A48A /* Debug */ = {
			isa = XCBuildConfiguration;
			buildSettings = {
				CODE_SIGN_STYLE = Automatic;
				CURRENT_PROJECT_VERSION = 219;
				DEVELOPMENT_TEAM = PK53CW8644;
				GENERATE_INFOPLIST_FILE = YES;
				IPHONEOS_DEPLOYMENT_TARGET = 18.0;
				MARKETING_VERSION = 0.3.3;
				PRODUCT_BUNDLE_IDENTIFIER = com.vladblajovan.RitualistUITests;
				PRODUCT_NAME = "$(TARGET_NAME)";
				SWIFT_EMIT_LOC_STRINGS = NO;
				SWIFT_VERSION = 5.0;
				TARGETED_DEVICE_FAMILY = "1,2";
				TEST_TARGET_NAME = Ritualist;
			};
			name = Debug;
		};
		91B731142E38E4C10050A48A /* Release */ = {
			isa = XCBuildConfiguration;
			buildSettings = {
				CODE_SIGN_STYLE = Automatic;
				CURRENT_PROJECT_VERSION = 219;
				DEVELOPMENT_TEAM = PK53CW8644;
				GENERATE_INFOPLIST_FILE = YES;
				IPHONEOS_DEPLOYMENT_TARGET = 18.0;
				MARKETING_VERSION = 0.3.3;
				PRODUCT_BUNDLE_IDENTIFIER = com.vladblajovan.RitualistUITests;
				PRODUCT_NAME = "$(TARGET_NAME)";
				SWIFT_EMIT_LOC_STRINGS = NO;
				SWIFT_VERSION = 5.0;
				TARGETED_DEVICE_FAMILY = "1,2";
				TEST_TARGET_NAME = Ritualist;
			};
			name = Release;
		};
/* End XCBuildConfiguration section */

/* Begin XCConfigurationList section */
		91A5C7E22E5369230095C251 /* Build configuration list for PBXNativeTarget "RitualistWidgetExtension" */ = {
			isa = XCConfigurationList;
			buildConfigurations = (
				91A5C7E32E5369230095C251 /* Debug */,
				91A5C7E42E5369230095C251 /* Debug-Subscription */,
				91A5C7E52E5369230095C251 /* Debug-AllFeatures */,
				91A5C7E62E5369230095C251 /* Release */,
				91A5C7E72E5369230095C251 /* Release-Subscription */,
				91A5C7E82E5369230095C251 /* Release-AllFeatures */,
			);
			defaultConfigurationIsVisible = 0;
			defaultConfigurationName = Release;
		};
		91B730E42E38E4BC0050A48A /* Build configuration list for PBXProject "Ritualist" */ = {
			isa = XCConfigurationList;
			buildConfigurations = (
				91B7310A2E38E4C10050A48A /* Debug */,
				91935A7B2E3F52E20058471E /* Debug-Subscription */,
				91935A772E3F52CE0058471E /* Debug-AllFeatures */,
				91B7310B2E38E4C10050A48A /* Release */,
				91935A832E3F52FB0058471E /* Release-Subscription */,
				91935A7F2E3F52F20058471E /* Release-AllFeatures */,
			);
			defaultConfigurationIsVisible = 0;
			defaultConfigurationName = Release;
		};
		91B7310C2E38E4C10050A48A /* Build configuration list for PBXNativeTarget "Ritualist" */ = {
			isa = XCConfigurationList;
			buildConfigurations = (
				91B7310D2E38E4C10050A48A /* Debug */,
				91935A7C2E3F52E20058471E /* Debug-Subscription */,
				91935A782E3F52CE0058471E /* Debug-AllFeatures */,
				91B7310E2E38E4C10050A48A /* Release */,
				91935A842E3F52FB0058471E /* Release-Subscription */,
				91935A802E3F52F20058471E /* Release-AllFeatures */,
			);
			defaultConfigurationIsVisible = 0;
			defaultConfigurationName = Release;
		};
		91B7310F2E38E4C10050A48A /* Build configuration list for PBXNativeTarget "RitualistTests" */ = {
			isa = XCConfigurationList;
			buildConfigurations = (
				91B731102E38E4C10050A48A /* Debug */,
				91935A7D2E3F52E20058471E /* Debug-Subscription */,
				91935A792E3F52CE0058471E /* Debug-AllFeatures */,
				91B731112E38E4C10050A48A /* Release */,
				91935A852E3F52FB0058471E /* Release-Subscription */,
				91935A812E3F52F20058471E /* Release-AllFeatures */,
			);
			defaultConfigurationIsVisible = 0;
			defaultConfigurationName = Release;
		};
		91B731122E38E4C10050A48A /* Build configuration list for PBXNativeTarget "RitualistUITests" */ = {
			isa = XCConfigurationList;
			buildConfigurations = (
				91B731132E38E4C10050A48A /* Debug */,
				91935A7E2E3F52E20058471E /* Debug-Subscription */,
				91935A7A2E3F52CE0058471E /* Debug-AllFeatures */,
				91B731142E38E4C10050A48A /* Release */,
				91935A862E3F52FB0058471E /* Release-Subscription */,
				91935A822E3F52F20058471E /* Release-AllFeatures */,
			);
			defaultConfigurationIsVisible = 0;
			defaultConfigurationName = Release;
		};
/* End XCConfigurationList section */

/* Begin XCLocalSwiftPackageReference section */
		9127F1292EBB9F36007847C5 /* XCLocalSwiftPackageReference "RitualistCore" */ = {
			isa = XCLocalSwiftPackageReference;
			relativePath = RitualistCore;
		};
/* End XCLocalSwiftPackageReference section */

/* Begin XCRemoteSwiftPackageReference section */
		911237F72E41210800A57BFC /* XCRemoteSwiftPackageReference "Factory" */ = {
			isa = XCRemoteSwiftPackageReference;
			repositoryURL = "https://github.com/hmlongco/Factory";
			requirement = {
				kind = upToNextMajorVersion;
				minimumVersion = 2.5.3;
			};
		};
/* End XCRemoteSwiftPackageReference section */

/* Begin XCSwiftPackageProductDependency section */
		911237F82E41210800A57BFC /* Factory */ = {
			isa = XCSwiftPackageProductDependency;
			package = 911237F72E41210800A57BFC /* XCRemoteSwiftPackageReference "Factory" */;
			productName = Factory;
		};
		911237FA2E41210800A57BFC /* FactoryKit */ = {
			isa = XCSwiftPackageProductDependency;
			package = 911237F72E41210800A57BFC /* XCRemoteSwiftPackageReference "Factory" */;
			productName = FactoryKit;
		};
		911237FC2E41210800A57BFC /* FactoryTesting */ = {
			isa = XCSwiftPackageProductDependency;
			package = 911237F72E41210800A57BFC /* XCRemoteSwiftPackageReference "Factory" */;
			productName = FactoryTesting;
		};
		9127F1232EBB9BFA007847C5 /* RitualistCore */ = {
			isa = XCSwiftPackageProductDependency;
			productName = RitualistCore;
		};
		9127F1252EBB9C53007847C5 /* RitualistCore */ = {
			isa = XCSwiftPackageProductDependency;
			productName = RitualistCore;
		};
		9127F12A2EBB9F36007847C5 /* RitualistCore */ = {
			isa = XCSwiftPackageProductDependency;
			productName = RitualistCore;
		};
		9127F12C2EBB9F42007847C5 /* RitualistCore */ = {
			isa = XCSwiftPackageProductDependency;
			productName = RitualistCore;
		};
		916AAFB12EBD285A00E39161 /* RitualistCore */ = {
			isa = XCSwiftPackageProductDependency;
			productName = RitualistCore;
		};
		918031A32E5F27D100B6FAF6 /* RitualistCore */ = {
			isa = XCSwiftPackageProductDependency;
			productName = RitualistCore;
		};
		9196AAEC2E4E49C300D5F386 /* RitualistCore */ = {
			isa = XCSwiftPackageProductDependency;
			productName = RitualistCore;
		};
		91997EE32EBD28FD00204A1E /* RitualistCore */ = {
			isa = XCSwiftPackageProductDependency;
			productName = RitualistCore;
		};
		91A5C8042E53A25C0095C251 /* FactoryKit */ = {
			isa = XCSwiftPackageProductDependency;
			package = 911237F72E41210800A57BFC /* XCRemoteSwiftPackageReference "Factory" */;
			productName = FactoryKit;
		};
		91A5C8062E53C5830095C251 /* Factory */ = {
			isa = XCSwiftPackageProductDependency;
			package = 911237F72E41210800A57BFC /* XCRemoteSwiftPackageReference "Factory" */;
			productName = Factory;
		};
		91B3C4502EDC7A90000D9027 /* RitualistCore */ = {
			isa = XCSwiftPackageProductDependency;
			package = 9127F1292EBB9F36007847C5 /* XCLocalSwiftPackageReference "RitualistCore" */;
			productName = RitualistCore;
		};
		91C95DB52EBCF4050088AB2D /* RitualistCore */ = {
			isa = XCSwiftPackageProductDependency;
			productName = RitualistCore;
		};
		91C95DB72EBCF41A0088AB2D /* RitualistCore */ = {
			isa = XCSwiftPackageProductDependency;
			productName = RitualistCore;
		};
		91C95DBD2EBD19CA0088AB2D /* RitualistCore */ = {
			isa = XCSwiftPackageProductDependency;
			productName = RitualistCore;
		};
		91C9ACD82E4A887C0077EF5C /* RitualistCore */ = {
			isa = XCSwiftPackageProductDependency;
			productName = RitualistCore;
		};
/* End XCSwiftPackageProductDependency section */
	};
	rootObject = 91B730E12E38E4BC0050A48A /* Project object */;
}
